
Microsoft Visual Studio Solution File, Format Version 12.00
# Visual Studio Version 16
VisualStudioVersion = 16.0.31702.278
MinimumVisualStudioVersion = 10.0.40219.1
Project("{FAE04EC0-301F-11D3-BF4B-00C04F79EFBC}") = "Lab_4", "Lab_4\Lab_4.csproj", "{9FB738B2-912D-497A-92F2-4D2104814051}"
EndProject
Global
	GlobalSection(SolutionConfigurationPlatforms) = preSolution
		Debug|Any CPU = Debug|Any CPU
		Release|Any CPU = Release|Any CPU
	EndGlobalSection
	GlobalSection(ProjectConfigurationPlatforms) = postSolution
		{9FB738B2-912D-497A-92F2-4D2104814051}.Debug|Any CPU.ActiveCfg = Debug|Any CPU
		{9FB738B2-912D-497A-92F2-4D2104814051}.Debug|Any CPU.Build.0 = Debug|Any CPU
		{9FB738B2-912D-497A-92F2-4D2104814051}.Release|Any CPU.ActiveCfg = Release|Any CPU
		{9FB738B2-912D-497A-92F2-4D2104814051}.Release|Any CPU.Build.0 = Release|Any CPU
	EndGlobalSection
	GlobalSection(SolutionProperties) = preSolution
		HideSolutionNode = FALSE
	EndGlobalSection
	GlobalSection(ExtensibilityGlobals) = postSolution
		SolutionGuid = {35597232-2A74-4D71-9E35-FDA278AEF49E}
	EndGlobalSection
EndGlobal
